
Microsoft Visual Studio Solution File, Format Version 12.00
# Visual Studio Version 16
VisualStudioVersion = 16.0.30611.23
MinimumVisualStudioVersion = 10.0.40219.1
Project("{FAE04EC0-301F-11D3-BF4B-00C04F79EFBC}") = "CodeDump", "CodeDump.csproj", "{4ECD3945-188A-43B4-87C1-2F3059D2917D}"
EndProject
Global
	GlobalSection(SolutionConfigurationPlatforms) = preSolution
		Debug|Any CPU = Debug|Any CPU
		Release|Any CPU = Release|Any CPU
	EndGlobalSection
	GlobalSection(ProjectConfigurationPlatforms) = postSolution
		{4ECD3945-188A-43B4-87C1-2F3059D2917D}.Debug|Any CPU.ActiveCfg = Debug|Any CPU
		{4ECD3945-188A-43B4-87C1-2F3059D2917D}.Debug|Any CPU.Build.0 = Debug|Any CPU
		{4ECD3945-188A-43B4-87C1-2F3059D2917D}.Release|Any CPU.ActiveCfg = Release|Any CPU
		{4ECD3945-188A-43B4-87C1-2F3059D2917D}.Release|Any CPU.Build.0 = Release|Any CPU
	EndGlobalSection
	GlobalSection(SolutionProperties) = preSolution
		HideSolutionNode = FALSE
	EndGlobalSection
	GlobalSection(ExtensibilityGlobals) = postSolution
		SolutionGuid = {A5AAE671-94BA-4183-BE94-5E733DE75CDA}
	EndGlobalSection
EndGlobal
